
Microsoft Visual Studio Solution File, Format Version 12.00
# Visual Studio Express 2012 for Windows Desktop
Project("{FAE04EC0-301F-11D3-BF4B-00C04F79EFBC}") = "HumphreyErik17TryYourLuck", "HumphreyErik17TryYourLuck\HumphreyErik17TryYourLuck.csproj", "{F90AE18E-C60B-4CE3-B4DC-BF984554602A}"
EndProject
Global
	GlobalSection(SolutionConfigurationPlatforms) = preSolution
		Debug|Any CPU = Debug|Any CPU
		Release|Any CPU = Release|Any CPU
	EndGlobalSection
	GlobalSection(ProjectConfigurationPlatforms) = postSolution
		{F90AE18E-C60B-4CE3-B4DC-BF984554602A}.Debug|Any CPU.ActiveCfg = Debug|Any CPU
		{F90AE18E-C60B-4CE3-B4DC-BF984554602A}.Debug|Any CPU.Build.0 = Debug|Any CPU
		{F90AE18E-C60B-4CE3-B4DC-BF984554602A}.Release|Any CPU.ActiveCfg = Release|Any CPU
		{F90AE18E-C60B-4CE3-B4DC-BF984554602A}.Release|Any CPU.Build.0 = Release|Any CPU
	EndGlobalSection
	GlobalSection(SolutionProperties) = preSolution
		HideSolutionNode = FALSE
	EndGlobalSection
EndGlobal
